
Microsoft Visual Studio Solution File, Format Version 12.00
# Visual Studio Version 16
VisualStudioVersion = 16.0.29613.14
MinimumVisualStudioVersion = 10.0.40219.1
Project("{FAE04EC0-301F-11D3-BF4B-00C04F79EFBC}") = "API_SQL", "API_SQL\API_SQL.csproj", "{DA74E5A7-944A-46A1-B06A-8447C67565F4}"
EndProject
Global
	GlobalSection(SolutionConfigurationPlatforms) = preSolution
		Debug|Any CPU = Debug|Any CPU
		Release|Any CPU = Release|Any CPU
	EndGlobalSection
	GlobalSection(ProjectConfigurationPlatforms) = postSolution
		{DA74E5A7-944A-46A1-B06A-8447C67565F4}.Debug|Any CPU.ActiveCfg = Debug|Any CPU
		{DA74E5A7-944A-46A1-B06A-8447C67565F4}.Debug|Any CPU.Build.0 = Debug|Any CPU
		{DA74E5A7-944A-46A1-B06A-8447C67565F4}.Release|Any CPU.ActiveCfg = Release|Any CPU
		{DA74E5A7-944A-46A1-B06A-8447C67565F4}.Release|Any CPU.Build.0 = Release|Any CPU
	EndGlobalSection
	GlobalSection(SolutionProperties) = preSolution
		HideSolutionNode = FALSE
	EndGlobalSection
	GlobalSection(ExtensibilityGlobals) = postSolution
		SolutionGuid = {FF4F1711-0964-424D-9BEB-5E3A0CBE9477}
	EndGlobalSection
EndGlobal
